
Microsoft Visual Studio Solution File, Format Version 12.00
# Visual Studio 2012
Project("{FAE04EC0-301F-11D3-BF4B-00C04F79EFBC}") = "ConsoleApplication2", "ConsoleApplication2\ConsoleApplication2.csproj", "{0ABEB41E-FC96-494C-AAB1-AD5BAA1C3566}"
EndProject
Project("{FAE04EC0-301F-11D3-BF4B-00C04F79EFBC}") = "UnitTestProject1", "UnitTestProject1\UnitTestProject1.csproj", "{4D8A43D1-959D-45E7-BA36-C03A70F6AF64}"
EndProject
Project("{2150E333-8FDC-42A3-9474-1A3956D46DE8}") = "Solution Items", "Solution Items", "{E9F81878-16C4-4174-80BB-B12E051A4FA6}"
	ProjectSection(SolutionItems) = preProject
		myproject.config = myproject.config
	EndProjectSection
EndProject
Global
	GlobalSection(SolutionConfigurationPlatforms) = preSolution
		Debug|Any CPU = Debug|Any CPU
		Release|Any CPU = Release|Any CPU
	EndGlobalSection
	GlobalSection(ProjectConfigurationPlatforms) = postSolution
		{0ABEB41E-FC96-494C-AAB1-AD5BAA1C3566}.Debug|Any CPU.ActiveCfg = Debug|Any CPU
		{0ABEB41E-FC96-494C-AAB1-AD5BAA1C3566}.Debug|Any CPU.Build.0 = Debug|Any CPU
		{0ABEB41E-FC96-494C-AAB1-AD5BAA1C3566}.Release|Any CPU.ActiveCfg = Release|Any CPU
		{0ABEB41E-FC96-494C-AAB1-AD5BAA1C3566}.Release|Any CPU.Build.0 = Release|Any CPU
		{4D8A43D1-959D-45E7-BA36-C03A70F6AF64}.Debug|Any CPU.ActiveCfg = Debug|Any CPU
		{4D8A43D1-959D-45E7-BA36-C03A70F6AF64}.Debug|Any CPU.Build.0 = Debug|Any CPU
		{4D8A43D1-959D-45E7-BA36-C03A70F6AF64}.Release|Any CPU.ActiveCfg = Release|Any CPU
		{4D8A43D1-959D-45E7-BA36-C03A70F6AF64}.Release|Any CPU.Build.0 = Release|Any CPU
	EndGlobalSection
	GlobalSection(SolutionProperties) = preSolution
		HideSolutionNode = FALSE
	EndGlobalSection
EndGlobal
